
Microsoft Visual Studio Solution File, Format Version 12.00
# Visual Studio Version 16
VisualStudioVersion = 16.0.30711.63
MinimumVisualStudioVersion = 10.0.40219.1
Project("{9A19103F-16F7-4668-BE54-9A1E7A4F7556}") = "DataAccess", "DataAccess\DataAccess.csproj", "{0A66591F-BFAA-4F18-8C0C-AD706E163796}"
EndProject
Project("{9A19103F-16F7-4668-BE54-9A1E7A4F7556}") = "Business", "Business\Business.csproj", "{B3B7CFAE-F8A1-4150-9346-319625425CB9}"
EndProject
Project("{9A19103F-16F7-4668-BE54-9A1E7A4F7556}") = "Entities", "Entities\Entities.csproj", "{0B269332-62FD-4E2A-9B7A-86CEB360490E}"
EndProject
Project("{9A19103F-16F7-4668-BE54-9A1E7A4F7556}") = "ConsoleUI", "ConsoleUI\ConsoleUI.csproj", "{B3BE6257-C093-4B7E-A1CC-4A5BEB6B59EC}"
EndProject
Project("{9A19103F-16F7-4668-BE54-9A1E7A4F7556}") = "Core", "Core\Core.csproj", "{4528833A-A04A-42D6-B109-9F9E5EB840BE}"
EndProject
Project("{FAE04EC0-301F-11D3-BF4B-00C04F79EFBC}") = "WebAPI", "WebAPI\WebAPI.csproj", "{5E5CA6B2-01E9-41FA-856D-D40226E152D3}"
EndProject
Global
	GlobalSection(SolutionConfigurationPlatforms) = preSolution
		Debug|Any CPU = Debug|Any CPU
		Release|Any CPU = Release|Any CPU
	EndGlobalSection
	GlobalSection(ProjectConfigurationPlatforms) = postSolution
		{0A66591F-BFAA-4F18-8C0C-AD706E163796}.Debug|Any CPU.ActiveCfg = Debug|Any CPU
		{0A66591F-BFAA-4F18-8C0C-AD706E163796}.Debug|Any CPU.Build.0 = Debug|Any CPU
		{0A66591F-BFAA-4F18-8C0C-AD706E163796}.Release|Any CPU.ActiveCfg = Release|Any CPU
		{0A66591F-BFAA-4F18-8C0C-AD706E163796}.Release|Any CPU.Build.0 = Release|Any CPU
		{B3B7CFAE-F8A1-4150-9346-319625425CB9}.Debug|Any CPU.ActiveCfg = Debug|Any CPU
		{B3B7CFAE-F8A1-4150-9346-319625425CB9}.Debug|Any CPU.Build.0 = Debug|Any CPU
		{B3B7CFAE-F8A1-4150-9346-319625425CB9}.Release|Any CPU.ActiveCfg = Release|Any CPU
		{B3B7CFAE-F8A1-4150-9346-319625425CB9}.Release|Any CPU.Build.0 = Release|Any CPU
		{0B269332-62FD-4E2A-9B7A-86CEB360490E}.Debug|Any CPU.ActiveCfg = Debug|Any CPU
		{0B269332-62FD-4E2A-9B7A-86CEB360490E}.Debug|Any CPU.Build.0 = Debug|Any CPU
		{0B269332-62FD-4E2A-9B7A-86CEB360490E}.Release|Any CPU.ActiveCfg = Release|Any CPU
		{0B269332-62FD-4E2A-9B7A-86CEB360490E}.Release|Any CPU.Build.0 = Release|Any CPU
		{B3BE6257-C093-4B7E-A1CC-4A5BEB6B59EC}.Debug|Any CPU.ActiveCfg = Debug|Any CPU
		{B3BE6257-C093-4B7E-A1CC-4A5BEB6B59EC}.Debug|Any CPU.Build.0 = Debug|Any CPU
		{B3BE6257-C093-4B7E-A1CC-4A5BEB6B59EC}.Release|Any CPU.ActiveCfg = Release|Any CPU
		{B3BE6257-C093-4B7E-A1CC-4A5BEB6B59EC}.Release|Any CPU.Build.0 = Release|Any CPU
		{4528833A-A04A-42D6-B109-9F9E5EB840BE}.Debug|Any CPU.ActiveCfg = Debug|Any CPU
		{4528833A-A04A-42D6-B109-9F9E5EB840BE}.Debug|Any CPU.Build.0 = Debug|Any CPU
		{4528833A-A04A-42D6-B109-9F9E5EB840BE}.Release|Any CPU.ActiveCfg = Release|Any CPU
		{4528833A-A04A-42D6-B109-9F9E5EB840BE}.Release|Any CPU.Build.0 = Release|Any CPU
		{5E5CA6B2-01E9-41FA-856D-D40226E152D3}.Debug|Any CPU.ActiveCfg = Debug|Any CPU
		{5E5CA6B2-01E9-41FA-856D-D40226E152D3}.Debug|Any CPU.Build.0 = Debug|Any CPU
		{5E5CA6B2-01E9-41FA-856D-D40226E152D3}.Release|Any CPU.ActiveCfg = Release|Any CPU
		{5E5CA6B2-01E9-41FA-856D-D40226E152D3}.Release|Any CPU.Build.0 = Release|Any CPU
	EndGlobalSection
	GlobalSection(SolutionProperties) = preSolution
		HideSolutionNode = FALSE
	EndGlobalSection
	GlobalSection(ExtensibilityGlobals) = postSolution
		SolutionGuid = {891035E2-6C8C-4675-8740-EC5C35EB4719}
	EndGlobalSection
EndGlobal
